{
  "version": "4",
  "specifiers": {
    "npm:create-hono@*": "0.15.3",
    "npm:prettier-plugin-astro@~0.14.1": "0.14.1",
    "npm:prettier@^3.5.2": "3.5.3"
  },
  "npm": {
    "@astrojs/compiler@2.11.0": {
      "integrity": "sha512-zZOO7i+JhojO8qmlyR/URui6LyfHJY6m+L9nwyX5GiKD78YoRaZ5tzz6X0fkl+5bD3uwlDHayf6Oe8Fu36RKNg=="
    },
    "create-hono@0.15.3": {
      "integrity": "sha512-tgzUUML7zKMlNHb1ki5V3MF9T0g7sFfkyIHA+ZZBvHteDlVsW2AnCMI4eNMiUlDY9FFQl4KvHXBT6LPdknVl3Q=="
    },
    "prettier-plugin-astro@0.14.1": {
      "integrity": "sha512-RiBETaaP9veVstE4vUwSIcdATj6dKmXljouXc/DDNwBSPTp8FRkLGDSGFClKsAFeeg+13SB0Z1JZvbD76bigJw==",
      "dependencies": [
        "@astrojs/compiler",
        "prettier",
        "sass-formatter"
      ]
    },
    "prettier@3.5.3": {
      "integrity": "sha512-QQtaxnoDJeAkDvDKWCLiwIXkTgRhwYDEQCghU9Z6q03iyek/rxRh/2lC3HB7P8sWT2xC/y5JDctPLBIGzHKbhw=="
    },
    "s.color@0.0.15": {
      "integrity": "sha512-AUNrbEUHeKY8XsYr/DYpl+qk5+aM+DChopnWOPEzn8YKzOhv4l2zH6LzZms3tOZP3wwdOyc0RmTciyi46HLIuA=="
    },
    "sass-formatter@0.7.9": {
      "integrity": "sha512-CWZ8XiSim+fJVG0cFLStwDvft1VI7uvXdCNJYXhDvowiv+DsbD1nXLiQ4zrE5UBvj5DWZJ93cwN0NX5PMsr1Pw==",
      "dependencies": [
        "suf-log"
      ]
    },
    "suf-log@2.5.3": {
      "integrity": "sha512-KvC8OPjzdNOe+xQ4XWJV2whQA0aM1kGVczMQ8+dStAO6KfEB140JEVQ9dE76ONZ0/Ylf67ni4tILPJB41U0eow==",
      "dependencies": [
        "s.color"
      ]
    }
  },
  "workspace": {
    "packageJson": {
      "dependencies": [
        "npm:prettier-plugin-astro@~0.14.1",
        "npm:prettier@^3.5.2"
      ]
    }
  }
}
